
Microsoft Visual Studio Solution File, Format Version 12.00
# Visual Studio 15
VisualStudioVersion = 15.0.28307.329
MinimumVisualStudioVersion = 10.0.40219.1
Project("{FAE04EC0-301F-11D3-BF4B-00C04F79EFBC}") = "SocialMediaAssessment", "SocialMediaAssessment\SocialMediaAssessment.csproj", "{2474C9F5-33B7-42E9-A931-27481DE832DF}"
EndProject
Project("{2150E333-8FDC-42A3-9474-1A3956D46DE8}") = "Solution Items", "Solution Items", "{DEB241EF-5C09-403F-B643-338CEF04A1B2}"
	ProjectSection(SolutionItems) = preProject
		_config.yml = _config.yml
		README.md = README.md
	EndProjectSection
EndProject
Global
	GlobalSection(SolutionConfigurationPlatforms) = preSolution
		Debug|Any CPU = Debug|Any CPU
		Release|Any CPU = Release|Any CPU
	EndGlobalSection
	GlobalSection(ProjectConfigurationPlatforms) = postSolution
		{2474C9F5-33B7-42E9-A931-27481DE832DF}.Debug|Any CPU.ActiveCfg = Debug|Any CPU
		{2474C9F5-33B7-42E9-A931-27481DE832DF}.Debug|Any CPU.Build.0 = Debug|Any CPU
		{2474C9F5-33B7-42E9-A931-27481DE832DF}.Release|Any CPU.ActiveCfg = Release|Any CPU
		{2474C9F5-33B7-42E9-A931-27481DE832DF}.Release|Any CPU.Build.0 = Release|Any CPU
	EndGlobalSection
	GlobalSection(SolutionProperties) = preSolution
		HideSolutionNode = FALSE
	EndGlobalSection
	GlobalSection(ExtensibilityGlobals) = postSolution
		SolutionGuid = {DB02E639-5795-401B-8D9C-A130C13740E2}
	EndGlobalSection
EndGlobal
